
Microsoft Visual Studio Solution File, Format Version 12.00
# Visual Studio Version 17
VisualStudioVersion = 17.2.32616.157
MinimumVisualStudioVersion = 10.0.40219.1
Project("{FAE04EC0-301F-11D3-BF4B-00C04F79EFBC}") = "Philips.Demo.Weather", "Philips.Demo.Weather\Philips.Demo.Weather.csproj", "{23962A1C-B78C-4A75-A6BC-A9264EDEAF71}"
EndProject
Project("{FAE04EC0-301F-11D3-BF4B-00C04F79EFBC}") = "Philips.Demo.Soccer", "Philips.Demo.Soccer\Philips.Demo.Soccer.csproj", "{476B07A6-F87F-4879-B5AC-57E2217E320C}"
EndProject
Project("{FAE04EC0-301F-11D3-BF4B-00C04F79EFBC}") = "Philips.Demo.Text", "Philips.Demo.Text\Philips.Demo.Text.csproj", "{54CCD9F3-4C8F-4A2C-8D59-54663BD3F59F}"
EndProject
Project("{2150E333-8FDC-42A3-9474-1A3956D46DE8}") = "Solution Items", "Solution Items", "{F9A1A6DA-AF58-4CC0-A97E-290E6B662DDC}"
EndProject
Global
	GlobalSection(SolutionConfigurationPlatforms) = preSolution
		Debug|Any CPU = Debug|Any CPU
		Release|Any CPU = Release|Any CPU
	EndGlobalSection
	GlobalSection(ProjectConfigurationPlatforms) = postSolution
		{23962A1C-B78C-4A75-A6BC-A9264EDEAF71}.Debug|Any CPU.ActiveCfg = Debug|Any CPU
		{23962A1C-B78C-4A75-A6BC-A9264EDEAF71}.Debug|Any CPU.Build.0 = Debug|Any CPU
		{23962A1C-B78C-4A75-A6BC-A9264EDEAF71}.Release|Any CPU.ActiveCfg = Release|Any CPU
		{23962A1C-B78C-4A75-A6BC-A9264EDEAF71}.Release|Any CPU.Build.0 = Release|Any CPU
		{476B07A6-F87F-4879-B5AC-57E2217E320C}.Debug|Any CPU.ActiveCfg = Debug|Any CPU
		{476B07A6-F87F-4879-B5AC-57E2217E320C}.Debug|Any CPU.Build.0 = Debug|Any CPU
		{476B07A6-F87F-4879-B5AC-57E2217E320C}.Release|Any CPU.ActiveCfg = Release|Any CPU
		{476B07A6-F87F-4879-B5AC-57E2217E320C}.Release|Any CPU.Build.0 = Release|Any CPU
		{54CCD9F3-4C8F-4A2C-8D59-54663BD3F59F}.Debug|Any CPU.ActiveCfg = Debug|Any CPU
		{54CCD9F3-4C8F-4A2C-8D59-54663BD3F59F}.Debug|Any CPU.Build.0 = Debug|Any CPU
		{54CCD9F3-4C8F-4A2C-8D59-54663BD3F59F}.Release|Any CPU.ActiveCfg = Release|Any CPU
		{54CCD9F3-4C8F-4A2C-8D59-54663BD3F59F}.Release|Any CPU.Build.0 = Release|Any CPU
	EndGlobalSection
	GlobalSection(SolutionProperties) = preSolution
		HideSolutionNode = FALSE
	EndGlobalSection
	GlobalSection(ExtensibilityGlobals) = postSolution
		SolutionGuid = {7B85676D-22A7-43AB-B5AE-1404345F1FC8}
	EndGlobalSection
EndGlobal
